{
  "nodes": {
    "flake-utils": {
      "locked": {
        "lastModified": 1617631617,
        "narHash": "sha256-PARRCz55qN3gy07VJZIlFeOX420d0nGF0RzGI/9hVlw=",
        "owner": "numtide",
        "repo": "flake-utils",
        "rev": "b2c27d1a81b0dc266270fa8aeecebbd1807fc610",
        "type": "github"
      },
      "original": {
        "owner": "numtide",
        "repo": "flake-utils",
        "type": "github"
      }
    },
    "nixpkgs": {
      "locked": {
        "lastModified": 1616701903,
        "narHash": "sha256-zYjmZqdfetp6XNbJcznCGGR8YkjcZ45c3Zy+Q0GrhMw=",
        "owner": "NixOS",
        "repo": "nixpkgs",
        "rev": "34f85de51bbc74595e63b22ee089adbb31f7c7a2",
        "type": "github"
      },
      "original": {
        "id": "nixpkgs",
        "rev": "34f85de51bbc74595e63b22ee089adbb31f7c7a2",
        "type": "indirect"
      }
    },
    "root": {
      "inputs": {
        "flake-utils": "flake-utils",
        "nixpkgs": "nixpkgs"
      }
    }
  },
  "root": "root",
  "version": 7
}
